<Solution>
  <Project Path="Gaskellgames.csproj" />
  <Project Path="Assembly-CSharp.csproj" />
  <Project Path="FMODUnityResonanceEditor.csproj" />
  <Project Path="FMODUnityEditor.csproj" />
  <Project Path="FMODUnity.csproj" />
  <Project Path="Assembly-CSharp-Editor.csproj" />
  <Project Path="FMODUnityHaptics.csproj" />
  <Project Path="Gaskellgames.FolderSystem.csproj" />
  <Project Path="FMODUnityResonance.csproj" />
</Solution>
